
Microsoft Visual Studio Solution File, Format Version 12.00
# Visual Studio Version 17
VisualStudioVersion = 17.7.34221.43
MinimumVisualStudioVersion = 10.0.40219.1
Project("{9A19103F-16F7-4668-BE54-9A1E7A4F7556}") = "Booking.API", "Booking\Booking.API.csproj", "{7C17F0A6-2901-465E-A61A-26DDC52CDC9B}"
EndProject
Project("{FAE04EC0-301F-11D3-BF4B-00C04F79EFBC}") = "Booking.Core", "Booking.Core\Booking.Core.csproj", "{644A6390-7256-4C11-9871-867470E11506}"
EndProject
Project("{FAE04EC0-301F-11D3-BF4B-00C04F79EFBC}") = "Booking.Data", "Booking.Data\Booking.Data.csproj", "{D947612C-4D08-4B2C-832E-E172B9FF0DAF}"
EndProject
Project("{FAE04EC0-301F-11D3-BF4B-00C04F79EFBC}") = "Booking.Service", "Booking.Service\Booking.Service.csproj", "{375E4AFB-84A0-4C4A-9231-745AACBECF44}"
EndProject
Global
	GlobalSection(SolutionConfigurationPlatforms) = preSolution
		Debug|Any CPU = Debug|Any CPU
		Release|Any CPU = Release|Any CPU
	EndGlobalSection
	GlobalSection(ProjectConfigurationPlatforms) = postSolution
		{7C17F0A6-2901-465E-A61A-26DDC52CDC9B}.Debug|Any CPU.ActiveCfg = Debug|Any CPU
		{7C17F0A6-2901-465E-A61A-26DDC52CDC9B}.Debug|Any CPU.Build.0 = Debug|Any CPU
		{7C17F0A6-2901-465E-A61A-26DDC52CDC9B}.Release|Any CPU.ActiveCfg = Release|Any CPU
		{7C17F0A6-2901-465E-A61A-26DDC52CDC9B}.Release|Any CPU.Build.0 = Release|Any CPU
		{644A6390-7256-4C11-9871-867470E11506}.Debug|Any CPU.ActiveCfg = Debug|Any CPU
		{644A6390-7256-4C11-9871-867470E11506}.Debug|Any CPU.Build.0 = Debug|Any CPU
		{644A6390-7256-4C11-9871-867470E11506}.Release|Any CPU.ActiveCfg = Release|Any CPU
		{644A6390-7256-4C11-9871-867470E11506}.Release|Any CPU.Build.0 = Release|Any CPU
		{D947612C-4D08-4B2C-832E-E172B9FF0DAF}.Debug|Any CPU.ActiveCfg = Debug|Any CPU
		{D947612C-4D08-4B2C-832E-E172B9FF0DAF}.Debug|Any CPU.Build.0 = Debug|Any CPU
		{D947612C-4D08-4B2C-832E-E172B9FF0DAF}.Release|Any CPU.ActiveCfg = Release|Any CPU
		{D947612C-4D08-4B2C-832E-E172B9FF0DAF}.Release|Any CPU.Build.0 = Release|Any CPU
		{375E4AFB-84A0-4C4A-9231-745AACBECF44}.Debug|Any CPU.ActiveCfg = Debug|Any CPU
		{375E4AFB-84A0-4C4A-9231-745AACBECF44}.Debug|Any CPU.Build.0 = Debug|Any CPU
		{375E4AFB-84A0-4C4A-9231-745AACBECF44}.Release|Any CPU.ActiveCfg = Release|Any CPU
		{375E4AFB-84A0-4C4A-9231-745AACBECF44}.Release|Any CPU.Build.0 = Release|Any CPU
	EndGlobalSection
	GlobalSection(SolutionProperties) = preSolution
		HideSolutionNode = FALSE
	EndGlobalSection
	GlobalSection(ExtensibilityGlobals) = postSolution
		SolutionGuid = {E2B4FA8D-D561-40AA-B4F4-4908FE421A19}
	EndGlobalSection
EndGlobal
